// !$*UTF8*$!
{
	archiveVersion = 1;
	classes = {
	};
	objectVersion = 48;
	objects = {

/* Begin PBXBuildFile section */
		7D507A582020F80200C96E48 /* Constants.swift in Sources */ = {isa = PBXBuildFile; fileRef = 7D507A572020F80200C96E48 /* Constants.swift */; };
		7D507A5E2020FB3700C96E48 /* OnboardingViewController.swift in Sources */ = {isa = PBXBuildFile; fileRef = 7D507A5D2020FB3700C96E48 /* OnboardingViewController.swift */; };
		7D507A602020FBAE00C96E48 /* MainViewController.swift in Sources */ = {isa = PBXBuildFile; fileRef = 7D507A5F2020FBAE00C96E48 /* MainViewController.swift */; };
		7D507A622020FBC400C96E48 /* ListViewController.swift in Sources */ = {isa = PBXBuildFile; fileRef = 7D507A612020FBC400C96E48 /* ListViewController.swift */; };
		7D507A642020FBD700C96E48 /* DetailViewController.swift in Sources */ = {isa = PBXBuildFile; fileRef = 7D507A632020FBD700C96E48 /* DetailViewController.swift */; };
		7D507A662020FC1600C96E48 /* OnboardingView.swift in Sources */ = {isa = PBXBuildFile; fileRef = 7D507A652020FC1600C96E48 /* OnboardingView.swift */; };
		7D507A692020FD1000C96E48 /* OnboardingPresenter.swift in Sources */ = {isa = PBXBuildFile; fileRef = 7D507A682020FD1000C96E48 /* OnboardingPresenter.swift */; };
		7D507A6B2020FD2300C96E48 /* OnboardingViewContract.swift in Sources */ = {isa = PBXBuildFile; fileRef = 7D507A6A2020FD2300C96E48 /* OnboardingViewContract.swift */; };
		7D507A6D2020FEA300C96E48 /* MainViewContract.swift in Sources */ = {isa = PBXBuildFile; fileRef = 7D507A6C2020FEA300C96E48 /* MainViewContract.swift */; };
		7D507A6F2020FEB700C96E48 /* ListViewContract.swift in Sources */ = {isa = PBXBuildFile; fileRef = 7D507A6E2020FEB700C96E48 /* ListViewContract.swift */; };
		7D507A752021044900C96E48 /* DetailViewContract.swift in Sources */ = {isa = PBXBuildFile; fileRef = 7D507A742021044900C96E48 /* DetailViewContract.swift */; };
		7D507A772021063300C96E48 /* OnboardingModuleFactory.swift in Sources */ = {isa = PBXBuildFile; fileRef = 7D507A762021063300C96E48 /* OnboardingModuleFactory.swift */; };
		7D507A79202106B600C96E48 /* MainModuleFactory.swift in Sources */ = {isa = PBXBuildFile; fileRef = 7D507A78202106B600C96E48 /* MainModuleFactory.swift */; };
		7D507A7B202106D300C96E48 /* ListModuleFactory.swift in Sources */ = {isa = PBXBuildFile; fileRef = 7D507A7A202106D300C96E48 /* ListModuleFactory.swift */; };
		7D507A7D202106F200C96E48 /* DetailModuleFactory.swift in Sources */ = {isa = PBXBuildFile; fileRef = 7D507A7C202106F200C96E48 /* DetailModuleFactory.swift */; };
		7DA12D0D20201785000E1758 /* AppDelegate.swift in Sources */ = {isa = PBXBuildFile; fileRef = 7DA12D0C20201785000E1758 /* AppDelegate.swift */; };
		7DA12D0F20201785000E1758 /* RootViewController.swift in Sources */ = {isa = PBXBuildFile; fileRef = 7DA12D0E20201785000E1758 /* RootViewController.swift */; };
		7DA12D1420201785000E1758 /* Assets.xcassets in Resources */ = {isa = PBXBuildFile; fileRef = 7DA12D1320201785000E1758 /* Assets.xcassets */; };
		7DA12D1720201785000E1758 /* LaunchScreen.storyboard in Resources */ = {isa = PBXBuildFile; fileRef = 7DA12D1520201785000E1758 /* LaunchScreen.storyboard */; };
		7DA12D2220201786000E1758 /* DemoAppTests.swift in Sources */ = {isa = PBXBuildFile; fileRef = 7DA12D2120201786000E1758 /* DemoAppTests.swift */; };
		7DA12D2D20201786000E1758 /* DemoAppUITests.swift in Sources */ = {isa = PBXBuildFile; fileRef = 7DA12D2C20201786000E1758 /* DemoAppUITests.swift */; };
/* End PBXBuildFile section */

/* Begin PBXContainerItemProxy section */
		7DA12D1E20201786000E1758 /* PBXContainerItemProxy */ = {
			isa = PBXContainerItemProxy;
			containerPortal = 7DA12D0120201785000E1758 /* Project object */;
			proxyType = 1;
			remoteGlobalIDString = 7DA12D0820201785000E1758;
			remoteInfo = DemoApp;
		};
		7DA12D2920201786000E1758 /* PBXContainerItemProxy */ = {
			isa = PBXContainerItemProxy;
			containerPortal = 7DA12D0120201785000E1758 /* Project object */;
			proxyType = 1;
			remoteGlobalIDString = 7DA12D0820201785000E1758;
			remoteInfo = DemoApp;
		};
/* End PBXContainerItemProxy section */

/* Begin PBXFileReference section */
		7D507A572020F80200C96E48 /* Constants.swift */ = {isa = PBXFileReference; lastKnownFileType = sourcecode.swift; path = Constants.swift; sourceTree = "<group>"; };
		7D507A5D2020FB3700C96E48 /* OnboardingViewController.swift */ = {isa = PBXFileReference; lastKnownFileType = sourcecode.swift; path = OnboardingViewController.swift; sourceTree = "<group>"; };
		7D507A5F2020FBAE00C96E48 /* MainViewController.swift */ = {isa = PBXFileReference; lastKnownFileType = sourcecode.swift; path = MainViewController.swift; sourceTree = "<group>"; };
		7D507A612020FBC400C96E48 /* ListViewController.swift */ = {isa = PBXFileReference; lastKnownFileType = sourcecode.swift; path = ListViewController.swift; sourceTree = "<group>"; };
		7D507A632020FBD700C96E48 /* DetailViewController.swift */ = {isa = PBXFileReference; lastKnownFileType = sourcecode.swift; path = DetailViewController.swift; sourceTree = "<group>"; };
		7D507A652020FC1600C96E48 /* OnboardingView.swift */ = {isa = PBXFileReference; lastKnownFileType = sourcecode.swift; path = OnboardingView.swift; sourceTree = "<group>"; };
		7D507A682020FD1000C96E48 /* OnboardingPresenter.swift */ = {isa = PBXFileReference; lastKnownFileType = sourcecode.swift; path = OnboardingPresenter.swift; sourceTree = "<group>"; };
		7D507A6A2020FD2300C96E48 /* OnboardingViewContract.swift */ = {isa = PBXFileReference; lastKnownFileType = sourcecode.swift; path = OnboardingViewContract.swift; sourceTree = "<group>"; };
		7D507A6C2020FEA300C96E48 /* MainViewContract.swift */ = {isa = PBXFileReference; lastKnownFileType = sourcecode.swift; path = MainViewContract.swift; sourceTree = "<group>"; };
		7D507A6E2020FEB700C96E48 /* ListViewContract.swift */ = {isa = PBXFileReference; lastKnownFileType = sourcecode.swift; path = ListViewContract.swift; sourceTree = "<group>"; };
		7D507A742021044900C96E48 /* DetailViewContract.swift */ = {isa = PBXFileReference; lastKnownFileType = sourcecode.swift; path = DetailViewContract.swift; sourceTree = "<group>"; };
		7D507A762021063300C96E48 /* OnboardingModuleFactory.swift */ = {isa = PBXFileReference; lastKnownFileType = sourcecode.swift; path = OnboardingModuleFactory.swift; sourceTree = "<group>"; };
		7D507A78202106B600C96E48 /* MainModuleFactory.swift */ = {isa = PBXFileReference; lastKnownFileType = sourcecode.swift; path = MainModuleFactory.swift; sourceTree = "<group>"; };
		7D507A7A202106D300C96E48 /* ListModuleFactory.swift */ = {isa = PBXFileReference; lastKnownFileType = sourcecode.swift; path = ListModuleFactory.swift; sourceTree = "<group>"; };
		7D507A7C202106F200C96E48 /* DetailModuleFactory.swift */ = {isa = PBXFileReference; lastKnownFileType = sourcecode.swift; path = DetailModuleFactory.swift; sourceTree = "<group>"; };
		7DA12D0920201785000E1758 /* DemoApp.app */ = {isa = PBXFileReference; explicitFileType = wrapper.application; includeInIndex = 0; path = DemoApp.app; sourceTree = BUILT_PRODUCTS_DIR; };
		7DA12D0C20201785000E1758 /* AppDelegate.swift */ = {isa = PBXFileReference; lastKnownFileType = sourcecode.swift; path = AppDelegate.swift; sourceTree = "<group>"; };
		7DA12D0E20201785000E1758 /* RootViewController.swift */ = {isa = PBXFileReference; lastKnownFileType = sourcecode.swift; path = RootViewController.swift; sourceTree = "<group>"; };
		7DA12D1320201785000E1758 /* Assets.xcassets */ = {isa = PBXFileReference; lastKnownFileType = folder.assetcatalog; path = Assets.xcassets; sourceTree = "<group>"; };
		7DA12D1620201785000E1758 /* Base */ = {isa = PBXFileReference; lastKnownFileType = file.storyboard; name = Base; path = Base.lproj/LaunchScreen.storyboard; sourceTree = "<group>"; };
		7DA12D1820201785000E1758 /* Info.plist */ = {isa = PBXFileReference; lastKnownFileType = text.plist.xml; path = Info.plist; sourceTree = "<group>"; };
		7DA12D1D20201786000E1758 /* DemoAppTests.xctest */ = {isa = PBXFileReference; explicitFileType = wrapper.cfbundle; includeInIndex = 0; path = DemoAppTests.xctest; sourceTree = BUILT_PRODUCTS_DIR; };
		7DA12D2120201786000E1758 /* DemoAppTests.swift */ = {isa = PBXFileReference; lastKnownFileType = sourcecode.swift; path = DemoAppTests.swift; sourceTree = "<group>"; };
		7DA12D2320201786000E1758 /* Info.plist */ = {isa = PBXFileReference; lastKnownFileType = text.plist.xml; path = Info.plist; sourceTree = "<group>"; };
		7DA12D2820201786000E1758 /* DemoAppUITests.xctest */ = {isa = PBXFileReference; explicitFileType = wrapper.cfbundle; includeInIndex = 0; path = DemoAppUITests.xctest; sourceTree = BUILT_PRODUCTS_DIR; };
		7DA12D2C20201786000E1758 /* DemoAppUITests.swift */ = {isa = PBXFileReference; lastKnownFileType = sourcecode.swift; path = DemoAppUITests.swift; sourceTree = "<group>"; };
		7DA12D2E20201786000E1758 /* Info.plist */ = {isa = PBXFileReference; lastKnownFileType = text.plist.xml; path = Info.plist; sourceTree = "<group>"; };
/* End PBXFileReference section */

/* Begin PBXFrameworksBuildPhase section */
		7DA12D0620201785000E1758 /* Frameworks */ = {
			isa = PBXFrameworksBuildPhase;
			buildActionMask = 2147483647;
			files = (
			);
			runOnlyForDeploymentPostprocessing = 0;
		};
		7DA12D1A20201786000E1758 /* Frameworks */ = {
			isa = PBXFrameworksBuildPhase;
			buildActionMask = 2147483647;
			files = (
			);
			runOnlyForDeploymentPostprocessing = 0;
		};
		7DA12D2520201786000E1758 /* Frameworks */ = {
			isa = PBXFrameworksBuildPhase;
			buildActionMask = 2147483647;
			files = (
			);
			runOnlyForDeploymentPostprocessing = 0;
		};
/* End PBXFrameworksBuildPhase section */

/* Begin PBXGroup section */
		7D507A532020F01800C96E48 /* presentation */ = {
			isa = PBXGroup;
			children = (
				7D507A5B2020FAAE00C96E48 /* detail */,
				7D507A5A2020FAA200C96E48 /* list */,
				7D507A592020FA8A00C96E48 /* main */,
				7D507A5C2020FAE200C96E48 /* onboarding */,
				7D507A562020F0FD00C96E48 /* root */,
				7DA12D0C20201785000E1758 /* AppDelegate.swift */,
			);
			path = presentation;
			sourceTree = "<group>";
		};
		7D507A542020F02300C96E48 /* domain */ = {
			isa = PBXGroup;
			children = (
			);
			path = domain;
			sourceTree = "<group>";
		};
		7D507A552020F02800C96E48 /* data */ = {
			isa = PBXGroup;
			children = (
			);
			path = data;
			sourceTree = "<group>";
		};
		7D507A562020F0FD00C96E48 /* root */ = {
			isa = PBXGroup;
			children = (
				7DA12D0E20201785000E1758 /* RootViewController.swift */,
			);
			path = root;
			sourceTree = "<group>";
		};
		7D507A592020FA8A00C96E48 /* main */ = {
			isa = PBXGroup;
			children = (
				7D507A6C2020FEA300C96E48 /* MainViewContract.swift */,
				7D507A5F2020FBAE00C96E48 /* MainViewController.swift */,
				7D507A78202106B600C96E48 /* MainModuleFactory.swift */,
			);
			path = main;
			sourceTree = "<group>";
		};
		7D507A5A2020FAA200C96E48 /* list */ = {
			isa = PBXGroup;
			children = (
				7D507A6E2020FEB700C96E48 /* ListViewContract.swift */,
				7D507A612020FBC400C96E48 /* ListViewController.swift */,
				7D507A7A202106D300C96E48 /* ListModuleFactory.swift */,
			);
			path = list;
			sourceTree = "<group>";
		};
		7D507A5B2020FAAE00C96E48 /* detail */ = {
			isa = PBXGroup;
			children = (
				7D507A632020FBD700C96E48 /* DetailViewController.swift */,
				7D507A742021044900C96E48 /* DetailViewContract.swift */,
				7D507A7C202106F200C96E48 /* DetailModuleFactory.swift */,
			);
			path = detail;
			sourceTree = "<group>";
		};
		7D507A5C2020FAE200C96E48 /* onboarding */ = {
			isa = PBXGroup;
			children = (
				7D507A6A2020FD2300C96E48 /* OnboardingViewContract.swift */,
				7D507A682020FD1000C96E48 /* OnboardingPresenter.swift */,
				7D507A652020FC1600C96E48 /* OnboardingView.swift */,
				7D507A5D2020FB3700C96E48 /* OnboardingViewController.swift */,
				7D507A762021063300C96E48 /* OnboardingModuleFactory.swift */,
			);
			path = onboarding;
			sourceTree = "<group>";
		};
		7DA12D0020201785000E1758 = {
			isa = PBXGroup;
			children = (
				7DA12D0B20201785000E1758 /* DemoApp */,
				7DA12D2020201786000E1758 /* DemoAppTests */,
				7DA12D2B20201786000E1758 /* DemoAppUITests */,
				7DA12D0A20201785000E1758 /* Products */,
			);
			sourceTree = "<group>";
		};
		7DA12D0A20201785000E1758 /* Products */ = {
			isa = PBXGroup;
			children = (
				7DA12D0920201785000E1758 /* DemoApp.app */,
				7DA12D1D20201786000E1758 /* DemoAppTests.xctest */,
				7DA12D2820201786000E1758 /* DemoAppUITests.xctest */,
			);
			name = Products;
			sourceTree = "<group>";
		};
		7DA12D0B20201785000E1758 /* DemoApp */ = {
			isa = PBXGroup;
			children = (
				7D507A552020F02800C96E48 /* data */,
				7D507A542020F02300C96E48 /* domain */,
				7D507A532020F01800C96E48 /* presentation */,
				7DA12D1320201785000E1758 /* Assets.xcassets */,
				7DA12D1520201785000E1758 /* LaunchScreen.storyboard */,
				7DA12D1820201785000E1758 /* Info.plist */,
				7D507A572020F80200C96E48 /* Constants.swift */,
			);
			path = DemoApp;
			sourceTree = "<group>";
		};
		7DA12D2020201786000E1758 /* DemoAppTests */ = {
			isa = PBXGroup;
			children = (
				7DA12D2120201786000E1758 /* DemoAppTests.swift */,
				7DA12D2320201786000E1758 /* Info.plist */,
			);
			path = DemoAppTests;
			sourceTree = "<group>";
		};
		7DA12D2B20201786000E1758 /* DemoAppUITests */ = {
			isa = PBXGroup;
			children = (
				7DA12D2C20201786000E1758 /* DemoAppUITests.swift */,
				7DA12D2E20201786000E1758 /* Info.plist */,
			);
			path = DemoAppUITests;
			sourceTree = "<group>";
		};
/* End PBXGroup section */

/* Begin PBXNativeTarget section */
		7DA12D0820201785000E1758 /* DemoApp */ = {
			isa = PBXNativeTarget;
			buildConfigurationList = 7DA12D3120201786000E1758 /* Build configuration list for PBXNativeTarget "DemoApp" */;
			buildPhases = (
				7DA12D0520201785000E1758 /* Sources */,
				7DA12D0620201785000E1758 /* Frameworks */,
				7DA12D0720201785000E1758 /* Resources */,
			);
			buildRules = (
			);
			dependencies = (
			);
			name = DemoApp;
			productName = DemoApp;
			productReference = 7DA12D0920201785000E1758 /* DemoApp.app */;
			productType = "com.apple.product-type.application";
		};
		7DA12D1C20201786000E1758 /* DemoAppTests */ = {
			isa = PBXNativeTarget;
			buildConfigurationList = 7DA12D3420201786000E1758 /* Build configuration list for PBXNativeTarget "DemoAppTests" */;
			buildPhases = (
				7DA12D1920201786000E1758 /* Sources */,
				7DA12D1A20201786000E1758 /* Frameworks */,
				7DA12D1B20201786000E1758 /* Resources */,
			);
			buildRules = (
			);
			dependencies = (
				7DA12D1F20201786000E1758 /* PBXTargetDependency */,
			);
			name = DemoAppTests;
			productName = DemoAppTests;
			productReference = 7DA12D1D20201786000E1758 /* DemoAppTests.xctest */;
			productType = "com.apple.product-type.bundle.unit-test";
		};
		7DA12D2720201786000E1758 /* DemoAppUITests */ = {
			isa = PBXNativeTarget;
			buildConfigurationList = 7DA12D3720201786000E1758 /* Build configuration list for PBXNativeTarget "DemoAppUITests" */;
			buildPhases = (
				7DA12D2420201786000E1758 /* Sources */,
				7DA12D2520201786000E1758 /* Frameworks */,
				7DA12D2620201786000E1758 /* Resources */,
			);
			buildRules = (
			);
			dependencies = (
				7DA12D2A20201786000E1758 /* PBXTargetDependency */,
			);
			name = DemoAppUITests;
			productName = DemoAppUITests;
			productReference = 7DA12D2820201786000E1758 /* DemoAppUITests.xctest */;
			productType = "com.apple.product-type.bundle.ui-testing";
		};
/* End PBXNativeTarget section */

/* Begin PBXProject section */
		7DA12D0120201785000E1758 /* Project object */ = {
			isa = PBXProject;
			attributes = {
				LastSwiftUpdateCheck = 0920;
				LastUpgradeCheck = 0920;
				ORGANIZATIONNAME = Flip;
				TargetAttributes = {
					7DA12D0820201785000E1758 = {
						CreatedOnToolsVersion = 9.2;
						ProvisioningStyle = Automatic;
					};
					7DA12D1C20201786000E1758 = {
						CreatedOnToolsVersion = 9.2;
						ProvisioningStyle = Automatic;
						TestTargetID = 7DA12D0820201785000E1758;
					};
					7DA12D2720201786000E1758 = {
						CreatedOnToolsVersion = 9.2;
						ProvisioningStyle = Automatic;
						TestTargetID = 7DA12D0820201785000E1758;
					};
				};
			};
			buildConfigurationList = 7DA12D0420201785000E1758 /* Build configuration list for PBXProject "DemoApp" */;
			compatibilityVersion = "Xcode 8.0";
			developmentRegion = en;
			hasScannedForEncodings = 0;
			knownRegions = (
				en,
				Base,
			);
			mainGroup = 7DA12D0020201785000E1758;
			productRefGroup = 7DA12D0A20201785000E1758 /* Products */;
			projectDirPath = "";
			projectRoot = "";
			targets = (
				7DA12D0820201785000E1758 /* DemoApp */,
				7DA12D1C20201786000E1758 /* DemoAppTests */,
				7DA12D2720201786000E1758 /* DemoAppUITests */,
			);
		};
/* End PBXProject section */

/* Begin PBXResourcesBuildPhase section */
		7DA12D0720201785000E1758 /* Resources */ = {
			isa = PBXResourcesBuildPhase;
			buildActionMask = 2147483647;
			files = (
				7DA12D1720201785000E1758 /* LaunchScreen.storyboard in Resources */,
				7DA12D1420201785000E1758 /* Assets.xcassets in Resources */,
			);
			runOnlyForDeploymentPostprocessing = 0;
		};
		7DA12D1B20201786000E1758 /* Resources */ = {
			isa = PBXResourcesBuildPhase;
			buildActionMask = 2147483647;
			files = (
			);
			runOnlyForDeploymentPostprocessing = 0;
		};
		7DA12D2620201786000E1758 /* Resources */ = {
			isa = PBXResourcesBuildPhase;
			buildActionMask = 2147483647;
			files = (
			);
			runOnlyForDeploymentPostprocessing = 0;
		};
/* End PBXResourcesBuildPhase section */

/* Begin PBXSourcesBuildPhase section */
		7DA12D0520201785000E1758 /* Sources */ = {
			isa = PBXSourcesBuildPhase;
			buildActionMask = 2147483647;
			files = (
				7DA12D0F20201785000E1758 /* RootViewController.swift in Sources */,
				7D507A772021063300C96E48 /* OnboardingModuleFactory.swift in Sources */,
				7DA12D0D20201785000E1758 /* AppDelegate.swift in Sources */,
				7D507A622020FBC400C96E48 /* ListViewController.swift in Sources */,
				7D507A7D202106F200C96E48 /* DetailModuleFactory.swift in Sources */,
				7D507A6F2020FEB700C96E48 /* ListViewContract.swift in Sources */,
				7D507A6B2020FD2300C96E48 /* OnboardingViewContract.swift in Sources */,
				7D507A692020FD1000C96E48 /* OnboardingPresenter.swift in Sources */,
				7D507A582020F80200C96E48 /* Constants.swift in Sources */,
				7D507A6D2020FEA300C96E48 /* MainViewContract.swift in Sources */,
				7D507A79202106B600C96E48 /* MainModuleFactory.swift in Sources */,
				7D507A752021044900C96E48 /* DetailViewContract.swift in Sources */,
				7D507A5E2020FB3700C96E48 /* OnboardingViewController.swift in Sources */,
				7D507A7B202106D300C96E48 /* ListModuleFactory.swift in Sources */,
				7D507A662020FC1600C96E48 /* OnboardingView.swift in Sources */,
				7D507A602020FBAE00C96E48 /* MainViewController.swift in Sources */,
				7D507A642020FBD700C96E48 /* DetailViewController.swift in Sources */,
			);
			runOnlyForDeploymentPostprocessing = 0;
		};
		7DA12D1920201786000E1758 /* Sources */ = {
			isa = PBXSourcesBuildPhase;
			buildActionMask = 2147483647;
			files = (
				7DA12D2220201786000E1758 /* DemoAppTests.swift in Sources */,
			);
			runOnlyForDeploymentPostprocessing = 0;
		};
		7DA12D2420201786000E1758 /* Sources */ = {
			isa = PBXSourcesBuildPhase;
			buildActionMask = 2147483647;
			files = (
				7DA12D2D20201786000E1758 /* DemoAppUITests.swift in Sources */,
			);
			runOnlyForDeploymentPostprocessing = 0;
		};
/* End PBXSourcesBuildPhase section */

/* Begin PBXTargetDependency section */
		7DA12D1F20201786000E1758 /* PBXTargetDependency */ = {
			isa = PBXTargetDependency;
			target = 7DA12D0820201785000E1758 /* DemoApp */;
			targetProxy = 7DA12D1E20201786000E1758 /* PBXContainerItemProxy */;
		};
		7DA12D2A20201786000E1758 /* PBXTargetDependency */ = {
			isa = PBXTargetDependency;
			target = 7DA12D0820201785000E1758 /* DemoApp */;
			targetProxy = 7DA12D2920201786000E1758 /* PBXContainerItemProxy */;
		};
/* End PBXTargetDependency section */

/* Begin PBXVariantGroup section */
		7DA12D1520201785000E1758 /* LaunchScreen.storyboard */ = {
			isa = PBXVariantGroup;
			children = (
				7DA12D1620201785000E1758 /* Base */,
			);
			name = LaunchScreen.storyboard;
			sourceTree = "<group>";
		};
/* End PBXVariantGroup section */

/* Begin XCBuildConfiguration section */
		7DA12D2F20201786000E1758 /* Debug */ = {
			isa = XCBuildConfiguration;
			buildSettings = {
				ALWAYS_SEARCH_USER_PATHS = NO;
				CLANG_ANALYZER_NONNULL = YES;
				CLANG_ANALYZER_NUMBER_OBJECT_CONVERSION = YES_AGGRESSIVE;
				CLANG_CXX_LANGUAGE_STANDARD = "gnu++14";
				CLANG_CXX_LIBRARY = "libc++";
				CLANG_ENABLE_MODULES = YES;
				CLANG_ENABLE_OBJC_ARC = YES;
				CLANG_WARN_BLOCK_CAPTURE_AUTORELEASING = YES;
				CLANG_WARN_BOOL_CONVERSION = YES;
				CLANG_WARN_COMMA = YES;
				CLANG_WARN_CONSTANT_CONVERSION = YES;
				CLANG_WARN_DIRECT_OBJC_ISA_USAGE = YES_ERROR;
				CLANG_WARN_DOCUMENTATION_COMMENTS = YES;
				CLANG_WARN_EMPTY_BODY = YES;
				CLANG_WARN_ENUM_CONVERSION = YES;
				CLANG_WARN_INFINITE_RECURSION = YES;
				CLANG_WARN_INT_CONVERSION = YES;
				CLANG_WARN_NON_LITERAL_NULL_CONVERSION = YES;
				CLANG_WARN_OBJC_LITERAL_CONVERSION = YES;
				CLANG_WARN_OBJC_ROOT_CLASS = YES_ERROR;
				CLANG_WARN_RANGE_LOOP_ANALYSIS = YES;
				CLANG_WARN_STRICT_PROTOTYPES = YES;
				CLANG_WARN_SUSPICIOUS_MOVE = YES;
				CLANG_WARN_UNGUARDED_AVAILABILITY = YES_AGGRESSIVE;
				CLANG_WARN_UNREACHABLE_CODE = YES;
				CLANG_WARN__DUPLICATE_METHOD_MATCH = YES;
				CODE_SIGN_IDENTITY = "iPhone Developer";
				COPY_PHASE_STRIP = NO;
				DEBUG_INFORMATION_FORMAT = dwarf;
				ENABLE_STRICT_OBJC_MSGSEND = YES;
				ENABLE_TESTABILITY = YES;
				GCC_C_LANGUAGE_STANDARD = gnu11;
				GCC_DYNAMIC_NO_PIC = NO;
				GCC_NO_COMMON_BLOCKS = YES;
				GCC_OPTIMIZATION_LEVEL = 0;
				GCC_PREPROCESSOR_DEFINITIONS = (
					"DEBUG=1",
					"$(inherited)",
				);
				GCC_WARN_64_TO_32_BIT_CONVERSION = YES;
				GCC_WARN_ABOUT_RETURN_TYPE = YES_ERROR;
				GCC_WARN_UNDECLARED_SELECTOR = YES;
				GCC_WARN_UNINITIALIZED_AUTOS = YES_AGGRESSIVE;
				GCC_WARN_UNUSED_FUNCTION = YES;
				GCC_WARN_UNUSED_VARIABLE = YES;
				IPHONEOS_DEPLOYMENT_TARGET = 11.2;
				MTL_ENABLE_DEBUG_INFO = YES;
				ONLY_ACTIVE_ARCH = YES;
				SDKROOT = iphoneos;
				SWIFT_ACTIVE_COMPILATION_CONDITIONS = DEBUG;
				SWIFT_OPTIMIZATION_LEVEL = "-Onone";
			};
			name = Debug;
		};
		7DA12D3020201786000E1758 /* Release */ = {
			isa = XCBuildConfiguration;
			buildSettings = {
				ALWAYS_SEARCH_USER_PATHS = NO;
				CLANG_ANALYZER_NONNULL = YES;
				CLANG_ANALYZER_NUMBER_OBJECT_CONVERSION = YES_AGGRESSIVE;
				CLANG_CXX_LANGUAGE_STANDARD = "gnu++14";
				CLANG_CXX_LIBRARY = "libc++";
				CLANG_ENABLE_MODULES = YES;
				CLANG_ENABLE_OBJC_ARC = YES;
				CLANG_WARN_BLOCK_CAPTURE_AUTORELEASING = YES;
				CLANG_WARN_BOOL_CONVERSION = YES;
				CLANG_WARN_COMMA = YES;
				CLANG_WARN_CONSTANT_CONVERSION = YES;
				CLANG_WARN_DIRECT_OBJC_ISA_USAGE = YES_ERROR;
				CLANG_WARN_DOCUMENTATION_COMMENTS = YES;
				CLANG_WARN_EMPTY_BODY = YES;
				CLANG_WARN_ENUM_CONVERSION = YES;
				CLANG_WARN_INFINITE_RECURSION = YES;
				CLANG_WARN_INT_CONVERSION = YES;
				CLANG_WARN_NON_LITERAL_NULL_CONVERSION = YES;
				CLANG_WARN_OBJC_LITERAL_CONVERSION = YES;
				CLANG_WARN_OBJC_ROOT_CLASS = YES_ERROR;
				CLANG_WARN_RANGE_LOOP_ANALYSIS = YES;
				CLANG_WARN_STRICT_PROTOTYPES = YES;
				CLANG_WARN_SUSPICIOUS_MOVE = YES;
				CLANG_WARN_UNGUARDED_AVAILABILITY = YES_AGGRESSIVE;
				CLANG_WARN_UNREACHABLE_CODE = YES;
				CLANG_WARN__DUPLICATE_METHOD_MATCH = YES;
				CODE_SIGN_IDENTITY = "iPhone Developer";
				COPY_PHASE_STRIP = NO;
				DEBUG_INFORMATION_FORMAT = "dwarf-with-dsym";
				ENABLE_NS_ASSERTIONS = NO;
				ENABLE_STRICT_OBJC_MSGSEND = YES;
				GCC_C_LANGUAGE_STANDARD = gnu11;
				GCC_NO_COMMON_BLOCKS = YES;
				GCC_WARN_64_TO_32_BIT_CONVERSION = YES;
				GCC_WARN_ABOUT_RETURN_TYPE = YES_ERROR;
				GCC_WARN_UNDECLARED_SELECTOR = YES;
				GCC_WARN_UNINITIALIZED_AUTOS = YES_AGGRESSIVE;
				GCC_WARN_UNUSED_FUNCTION = YES;
				GCC_WARN_UNUSED_VARIABLE = YES;
				IPHONEOS_DEPLOYMENT_TARGET = 11.2;
				MTL_ENABLE_DEBUG_INFO = NO;
				SDKROOT = iphoneos;
				SWIFT_OPTIMIZATION_LEVEL = "-Owholemodule";
				VALIDATE_PRODUCT = YES;
			};
			name = Release;
		};
		7DA12D3220201786000E1758 /* Debug */ = {
			isa = XCBuildConfiguration;
			buildSettings = {
				ASSETCATALOG_COMPILER_APPICON_NAME = AppIcon;
				CODE_SIGN_STYLE = Automatic;
				INFOPLIST_FILE = DemoApp/Info.plist;
				LD_RUNPATH_SEARCH_PATHS = "$(inherited) @executable_path/Frameworks";
				PRODUCT_BUNDLE_IDENTIFIER = com.flip.DemoApp;
				PRODUCT_NAME = "$(TARGET_NAME)";
				SWIFT_VERSION = 4.0;
				TARGETED_DEVICE_FAMILY = "1,2";
			};
			name = Debug;
		};
		7DA12D3320201786000E1758 /* Release */ = {
			isa = XCBuildConfiguration;
			buildSettings = {
				ASSETCATALOG_COMPILER_APPICON_NAME = AppIcon;
				CODE_SIGN_STYLE = Automatic;
				INFOPLIST_FILE = DemoApp/Info.plist;
				LD_RUNPATH_SEARCH_PATHS = "$(inherited) @executable_path/Frameworks";
				PRODUCT_BUNDLE_IDENTIFIER = com.flip.DemoApp;
				PRODUCT_NAME = "$(TARGET_NAME)";
				SWIFT_VERSION = 4.0;
				TARGETED_DEVICE_FAMILY = "1,2";
			};
			name = Release;
		};
		7DA12D3520201786000E1758 /* Debug */ = {
			isa = XCBuildConfiguration;
			buildSettings = {
				ALWAYS_EMBED_SWIFT_STANDARD_LIBRARIES = YES;
				BUNDLE_LOADER = "$(TEST_HOST)";
				CODE_SIGN_STYLE = Automatic;
				INFOPLIST_FILE = DemoAppTests/Info.plist;
				LD_RUNPATH_SEARCH_PATHS = "$(inherited) @executable_path/Frameworks @loader_path/Frameworks";
				PRODUCT_BUNDLE_IDENTIFIER = com.flip.DemoAppTests;
				PRODUCT_NAME = "$(TARGET_NAME)";
				SWIFT_VERSION = 4.0;
				TARGETED_DEVICE_FAMILY = "1,2";
				TEST_HOST = "$(BUILT_PRODUCTS_DIR)/DemoApp.app/DemoApp";
			};
			name = Debug;
		};
		7DA12D3620201786000E1758 /* Release */ = {
			isa = XCBuildConfiguration;
			buildSettings = {
				ALWAYS_EMBED_SWIFT_STANDARD_LIBRARIES = YES;
				BUNDLE_LOADER = "$(TEST_HOST)";
				CODE_SIGN_STYLE = Automatic;
				INFOPLIST_FILE = DemoAppTests/Info.plist;
				LD_RUNPATH_SEARCH_PATHS = "$(inherited) @executable_path/Frameworks @loader_path/Frameworks";
				PRODUCT_BUNDLE_IDENTIFIER = com.flip.DemoAppTests;
				PRODUCT_NAME = "$(TARGET_NAME)";
				SWIFT_VERSION = 4.0;
				TARGETED_DEVICE_FAMILY = "1,2";
				TEST_HOST = "$(BUILT_PRODUCTS_DIR)/DemoApp.app/DemoApp";
			};
			name = Release;
		};
		7DA12D3820201786000E1758 /* Debug */ = {
			isa = XCBuildConfiguration;
			buildSettings = {
				ALWAYS_EMBED_SWIFT_STANDARD_LIBRARIES = YES;
				CODE_SIGN_STYLE = Automatic;
				INFOPLIST_FILE = DemoAppUITests/Info.plist;
				LD_RUNPATH_SEARCH_PATHS = "$(inherited) @executable_path/Frameworks @loader_path/Frameworks";
				PRODUCT_BUNDLE_IDENTIFIER = com.flip.DemoAppUITests;
				PRODUCT_NAME = "$(TARGET_NAME)";
				SWIFT_VERSION = 4.0;
				TARGETED_DEVICE_FAMILY = "1,2";
				TEST_TARGET_NAME = DemoApp;
			};
			name = Debug;
		};
		7DA12D3920201786000E1758 /* Release */ = {
			isa = XCBuildConfiguration;
			buildSettings = {
				ALWAYS_EMBED_SWIFT_STANDARD_LIBRARIES = YES;
				CODE_SIGN_STYLE = Automatic;
				INFOPLIST_FILE = DemoAppUITests/Info.plist;
				LD_RUNPATH_SEARCH_PATHS = "$(inherited) @executable_path/Frameworks @loader_path/Frameworks";
				PRODUCT_BUNDLE_IDENTIFIER = com.flip.DemoAppUITests;
				PRODUCT_NAME = "$(TARGET_NAME)";
				SWIFT_VERSION = 4.0;
				TARGETED_DEVICE_FAMILY = "1,2";
				TEST_TARGET_NAME = DemoApp;
			};
			name = Release;
		};
/* End XCBuildConfiguration section */

/* Begin XCConfigurationList section */
		7DA12D0420201785000E1758 /* Build configuration list for PBXProject "DemoApp" */ = {
			isa = XCConfigurationList;
			buildConfigurations = (
				7DA12D2F20201786000E1758 /* Debug */,
				7DA12D3020201786000E1758 /* Release */,
			);
			defaultConfigurationIsVisible = 0;
			defaultConfigurationName = Release;
		};
		7DA12D3120201786000E1758 /* Build configuration list for PBXNativeTarget "DemoApp" */ = {
			isa = XCConfigurationList;
			buildConfigurations = (
				7DA12D3220201786000E1758 /* Debug */,
				7DA12D3320201786000E1758 /* Release */,
			);
			defaultConfigurationIsVisible = 0;
			defaultConfigurationName = Release;
		};
		7DA12D3420201786000E1758 /* Build configuration list for PBXNativeTarget "DemoAppTests" */ = {
			isa = XCConfigurationList;
			buildConfigurations = (
				7DA12D3520201786000E1758 /* Debug */,
				7DA12D3620201786000E1758 /* Release */,
			);
			defaultConfigurationIsVisible = 0;
			defaultConfigurationName = Release;
		};
		7DA12D3720201786000E1758 /* Build configuration list for PBXNativeTarget "DemoAppUITests" */ = {
			isa = XCConfigurationList;
			buildConfigurations = (
				7DA12D3820201786000E1758 /* Debug */,
				7DA12D3920201786000E1758 /* Release */,
			);
			defaultConfigurationIsVisible = 0;
			defaultConfigurationName = Release;
		};
/* End XCConfigurationList section */
	};
	rootObject = 7DA12D0120201785000E1758 /* Project object */;
}
